
Microsoft Visual Studio Solution File, Format Version 12.00
# Visual Studio 15
VisualStudioVersion = 15.0.28307.2092
MinimumVisualStudioVersion = 10.0.40219.1
Project("{FAE04EC0-301F-11D3-BF4B-00C04F79EFBC}") = "NTP_Lab_9.hafta._4", "NTP_Lab_9.hafta._4\NTP_Lab_9.hafta._4.csproj", "{2945E862-9D04-48CC-BAAB-D491B73B59A1}"
EndProject
Global
	GlobalSection(SolutionConfigurationPlatforms) = preSolution
		Debug|Any CPU = Debug|Any CPU
		Release|Any CPU = Release|Any CPU
	EndGlobalSection
	GlobalSection(ProjectConfigurationPlatforms) = postSolution
		{2945E862-9D04-48CC-BAAB-D491B73B59A1}.Debug|Any CPU.ActiveCfg = Debug|Any CPU
		{2945E862-9D04-48CC-BAAB-D491B73B59A1}.Debug|Any CPU.Build.0 = Debug|Any CPU
		{2945E862-9D04-48CC-BAAB-D491B73B59A1}.Release|Any CPU.ActiveCfg = Release|Any CPU
		{2945E862-9D04-48CC-BAAB-D491B73B59A1}.Release|Any CPU.Build.0 = Release|Any CPU
	EndGlobalSection
	GlobalSection(SolutionProperties) = preSolution
		HideSolutionNode = FALSE
	EndGlobalSection
	GlobalSection(ExtensibilityGlobals) = postSolution
		SolutionGuid = {4C4BB4FD-15A5-410A-A75C-4E1053A43A11}
	EndGlobalSection
EndGlobal
