
Microsoft Visual Studio Solution File, Format Version 12.00
# Visual Studio 15
VisualStudioVersion = 15.0.28307.2092
MinimumVisualStudioVersion = 10.0.40219.1
Project("{FAE04EC0-301F-11D3-BF4B-00C04F79EFBC}") = "NTP-Lab-9. hafta.1", "NTP-Lab-9. hafta.1\NTP-Lab-9. hafta.1.csproj", "{F534CD23-E1E2-44A6-93CF-D75B82D5ACE0}"
EndProject
Global
	GlobalSection(SolutionConfigurationPlatforms) = preSolution
		Debug|Any CPU = Debug|Any CPU
		Release|Any CPU = Release|Any CPU
	EndGlobalSection
	GlobalSection(ProjectConfigurationPlatforms) = postSolution
		{F534CD23-E1E2-44A6-93CF-D75B82D5ACE0}.Debug|Any CPU.ActiveCfg = Debug|Any CPU
		{F534CD23-E1E2-44A6-93CF-D75B82D5ACE0}.Debug|Any CPU.Build.0 = Debug|Any CPU
		{F534CD23-E1E2-44A6-93CF-D75B82D5ACE0}.Release|Any CPU.ActiveCfg = Release|Any CPU
		{F534CD23-E1E2-44A6-93CF-D75B82D5ACE0}.Release|Any CPU.Build.0 = Release|Any CPU
	EndGlobalSection
	GlobalSection(SolutionProperties) = preSolution
		HideSolutionNode = FALSE
	EndGlobalSection
	GlobalSection(ExtensibilityGlobals) = postSolution
		SolutionGuid = {EB41C432-FA71-439A-A9CB-53111B43570D}
	EndGlobalSection
EndGlobal
