
Microsoft Visual Studio Solution File, Format Version 12.00
# Visual Studio 15
VisualStudioVersion = 15.0.28307.2092
MinimumVisualStudioVersion = 10.0.40219.1
Project("{FAE04EC0-301F-11D3-BF4B-00C04F79EFBC}") = "NTP_Lab_5.hafta._2", "NTP_Lab_5.hafta._2\NTP_Lab_5.hafta._2.csproj", "{52013141-D9AD-4A62-B3DE-6DE5A15974D0}"
EndProject
Global
	GlobalSection(SolutionConfigurationPlatforms) = preSolution
		Debug|Any CPU = Debug|Any CPU
		Release|Any CPU = Release|Any CPU
	EndGlobalSection
	GlobalSection(ProjectConfigurationPlatforms) = postSolution
		{52013141-D9AD-4A62-B3DE-6DE5A15974D0}.Debug|Any CPU.ActiveCfg = Debug|Any CPU
		{52013141-D9AD-4A62-B3DE-6DE5A15974D0}.Debug|Any CPU.Build.0 = Debug|Any CPU
		{52013141-D9AD-4A62-B3DE-6DE5A15974D0}.Release|Any CPU.ActiveCfg = Release|Any CPU
		{52013141-D9AD-4A62-B3DE-6DE5A15974D0}.Release|Any CPU.Build.0 = Release|Any CPU
	EndGlobalSection
	GlobalSection(SolutionProperties) = preSolution
		HideSolutionNode = FALSE
	EndGlobalSection
	GlobalSection(ExtensibilityGlobals) = postSolution
		SolutionGuid = {A83F40BA-3EA8-4F9C-ADBC-4BC8E9EFE7C6}
	EndGlobalSection
EndGlobal
