
Microsoft Visual Studio Solution File, Format Version 12.00
# Visual Studio 15
VisualStudioVersion = 15.0.28307.2092
MinimumVisualStudioVersion = 10.0.40219.1
Project("{FAE04EC0-301F-11D3-BF4B-00C04F79EFBC}") = "NTP_Lab_Ödev2", "NTP_Lab_Ödev2\NTP_Lab_Ödev2.csproj", "{4F74E931-CD92-426B-81E7-5AA53DAAC0FD}"
EndProject
Global
	GlobalSection(SolutionConfigurationPlatforms) = preSolution
		Debug|Any CPU = Debug|Any CPU
		Release|Any CPU = Release|Any CPU
	EndGlobalSection
	GlobalSection(ProjectConfigurationPlatforms) = postSolution
		{4F74E931-CD92-426B-81E7-5AA53DAAC0FD}.Debug|Any CPU.ActiveCfg = Debug|Any CPU
		{4F74E931-CD92-426B-81E7-5AA53DAAC0FD}.Debug|Any CPU.Build.0 = Debug|Any CPU
		{4F74E931-CD92-426B-81E7-5AA53DAAC0FD}.Release|Any CPU.ActiveCfg = Release|Any CPU
		{4F74E931-CD92-426B-81E7-5AA53DAAC0FD}.Release|Any CPU.Build.0 = Release|Any CPU
	EndGlobalSection
	GlobalSection(SolutionProperties) = preSolution
		HideSolutionNode = FALSE
	EndGlobalSection
	GlobalSection(ExtensibilityGlobals) = postSolution
		SolutionGuid = {318C2855-7988-4380-B4C9-83FB8F342C0C}
	EndGlobalSection
EndGlobal
