
Microsoft Visual Studio Solution File, Format Version 12.00
# Visual Studio 15
VisualStudioVersion = 15.0.28307.2092
MinimumVisualStudioVersion = 10.0.40219.1
Project("{FAE04EC0-301F-11D3-BF4B-00C04F79EFBC}") = "NTP_Lab_9.hafta._5", "NTP_Lab_9.hafta._5\NTP_Lab_9.hafta._5.csproj", "{1649AD35-AAE5-4606-9F83-ADB2F3D244F6}"
EndProject
Global
	GlobalSection(SolutionConfigurationPlatforms) = preSolution
		Debug|Any CPU = Debug|Any CPU
		Release|Any CPU = Release|Any CPU
	EndGlobalSection
	GlobalSection(ProjectConfigurationPlatforms) = postSolution
		{1649AD35-AAE5-4606-9F83-ADB2F3D244F6}.Debug|Any CPU.ActiveCfg = Debug|Any CPU
		{1649AD35-AAE5-4606-9F83-ADB2F3D244F6}.Debug|Any CPU.Build.0 = Debug|Any CPU
		{1649AD35-AAE5-4606-9F83-ADB2F3D244F6}.Release|Any CPU.ActiveCfg = Release|Any CPU
		{1649AD35-AAE5-4606-9F83-ADB2F3D244F6}.Release|Any CPU.Build.0 = Release|Any CPU
	EndGlobalSection
	GlobalSection(SolutionProperties) = preSolution
		HideSolutionNode = FALSE
	EndGlobalSection
	GlobalSection(ExtensibilityGlobals) = postSolution
		SolutionGuid = {8A84405F-0346-41CA-8730-46C55E32C94A}
	EndGlobalSection
EndGlobal
