
Microsoft Visual Studio Solution File, Format Version 12.00
# Visual Studio 15
VisualStudioVersion = 15.0.28307.2092
MinimumVisualStudioVersion = 10.0.40219.1
Project("{FAE04EC0-301F-11D3-BF4B-00C04F79EFBC}") = "NTP_Lab_4.hafta._16", "NTP_Lab_4.hafta._16\NTP_Lab_4.hafta._16.csproj", "{9FDD2F9A-0031-4A26-B446-B3987876D7DC}"
EndProject
Global
	GlobalSection(SolutionConfigurationPlatforms) = preSolution
		Debug|Any CPU = Debug|Any CPU
		Release|Any CPU = Release|Any CPU
	EndGlobalSection
	GlobalSection(ProjectConfigurationPlatforms) = postSolution
		{9FDD2F9A-0031-4A26-B446-B3987876D7DC}.Debug|Any CPU.ActiveCfg = Debug|Any CPU
		{9FDD2F9A-0031-4A26-B446-B3987876D7DC}.Debug|Any CPU.Build.0 = Debug|Any CPU
		{9FDD2F9A-0031-4A26-B446-B3987876D7DC}.Release|Any CPU.ActiveCfg = Release|Any CPU
		{9FDD2F9A-0031-4A26-B446-B3987876D7DC}.Release|Any CPU.Build.0 = Release|Any CPU
	EndGlobalSection
	GlobalSection(SolutionProperties) = preSolution
		HideSolutionNode = FALSE
	EndGlobalSection
	GlobalSection(ExtensibilityGlobals) = postSolution
		SolutionGuid = {321CE1DD-9FDE-4F44-B56D-3B1A55202DF8}
	EndGlobalSection
EndGlobal
