
Microsoft Visual Studio Solution File, Format Version 12.00
# Visual Studio 15
VisualStudioVersion = 15.0.28307.2092
MinimumVisualStudioVersion = 10.0.40219.1
Project("{FAE04EC0-301F-11D3-BF4B-00C04F79EFBC}") = "NTP_Lab_10.hafta._1", "NTP_Lab_10.hafta._1\NTP_Lab_10.hafta._1.csproj", "{0EC4C4AF-6DAE-45F1-8599-A7DDB36361A8}"
EndProject
Global
	GlobalSection(SolutionConfigurationPlatforms) = preSolution
		Debug|Any CPU = Debug|Any CPU
		Release|Any CPU = Release|Any CPU
	EndGlobalSection
	GlobalSection(ProjectConfigurationPlatforms) = postSolution
		{0EC4C4AF-6DAE-45F1-8599-A7DDB36361A8}.Debug|Any CPU.ActiveCfg = Debug|Any CPU
		{0EC4C4AF-6DAE-45F1-8599-A7DDB36361A8}.Debug|Any CPU.Build.0 = Debug|Any CPU
		{0EC4C4AF-6DAE-45F1-8599-A7DDB36361A8}.Release|Any CPU.ActiveCfg = Release|Any CPU
		{0EC4C4AF-6DAE-45F1-8599-A7DDB36361A8}.Release|Any CPU.Build.0 = Release|Any CPU
	EndGlobalSection
	GlobalSection(SolutionProperties) = preSolution
		HideSolutionNode = FALSE
	EndGlobalSection
	GlobalSection(ExtensibilityGlobals) = postSolution
		SolutionGuid = {30C87F11-F6DD-4091-A538-67C6A19AC751}
	EndGlobalSection
EndGlobal
