
Microsoft Visual Studio Solution File, Format Version 12.00
# Visual Studio 15
VisualStudioVersion = 15.0.28307.2092
MinimumVisualStudioVersion = 10.0.40219.1
Project("{FAE04EC0-301F-11D3-BF4B-00C04F79EFBC}") = "NTP_Lab_5.hafta._10", "NTP_Lab_5.hafta._10\NTP_Lab_5.hafta._10.csproj", "{1405149A-B6BC-4D1B-9FE7-449A964A6239}"
EndProject
Global
	GlobalSection(SolutionConfigurationPlatforms) = preSolution
		Debug|Any CPU = Debug|Any CPU
		Release|Any CPU = Release|Any CPU
	EndGlobalSection
	GlobalSection(ProjectConfigurationPlatforms) = postSolution
		{1405149A-B6BC-4D1B-9FE7-449A964A6239}.Debug|Any CPU.ActiveCfg = Debug|Any CPU
		{1405149A-B6BC-4D1B-9FE7-449A964A6239}.Debug|Any CPU.Build.0 = Debug|Any CPU
		{1405149A-B6BC-4D1B-9FE7-449A964A6239}.Release|Any CPU.ActiveCfg = Release|Any CPU
		{1405149A-B6BC-4D1B-9FE7-449A964A6239}.Release|Any CPU.Build.0 = Release|Any CPU
	EndGlobalSection
	GlobalSection(SolutionProperties) = preSolution
		HideSolutionNode = FALSE
	EndGlobalSection
	GlobalSection(ExtensibilityGlobals) = postSolution
		SolutionGuid = {43F22FDF-CC4E-48DB-B4AA-49605842ACC8}
	EndGlobalSection
EndGlobal
