
Microsoft Visual Studio Solution File, Format Version 12.00
# Visual Studio 15
VisualStudioVersion = 15.0.28307.2092
MinimumVisualStudioVersion = 10.0.40219.1
Project("{FAE04EC0-301F-11D3-BF4B-00C04F79EFBC}") = "NTP_Lab_5.hafta._4", "NTP_Lab_5.hafta._4\NTP_Lab_5.hafta._4.csproj", "{E6642A70-3234-4911-801F-6035DA39F6DB}"
EndProject
Global
	GlobalSection(SolutionConfigurationPlatforms) = preSolution
		Debug|Any CPU = Debug|Any CPU
		Release|Any CPU = Release|Any CPU
	EndGlobalSection
	GlobalSection(ProjectConfigurationPlatforms) = postSolution
		{E6642A70-3234-4911-801F-6035DA39F6DB}.Debug|Any CPU.ActiveCfg = Debug|Any CPU
		{E6642A70-3234-4911-801F-6035DA39F6DB}.Debug|Any CPU.Build.0 = Debug|Any CPU
		{E6642A70-3234-4911-801F-6035DA39F6DB}.Release|Any CPU.ActiveCfg = Release|Any CPU
		{E6642A70-3234-4911-801F-6035DA39F6DB}.Release|Any CPU.Build.0 = Release|Any CPU
	EndGlobalSection
	GlobalSection(SolutionProperties) = preSolution
		HideSolutionNode = FALSE
	EndGlobalSection
	GlobalSection(ExtensibilityGlobals) = postSolution
		SolutionGuid = {F85A90FA-18D9-4079-8A49-C3514FD5BE57}
	EndGlobalSection
EndGlobal
